// !$*UTF8*$!
{
	archiveVersion = 1;
	classes = {
	};
	objectVersion = 51;
	objects = {

/* Begin PBXBuildFile section */
		193F794C278E76A800CECC16 /* AppDelegate.swift in Sources */ = {isa = PBXBuildFile; fileRef = 193F794B278E76A800CECC16 /* AppDelegate.swift */; };
		193F7950278E76A800CECC16 /* ViewController.swift in Sources */ = {isa = PBXBuildFile; fileRef = 193F794F278E76A800CECC16 /* ViewController.swift */; };
		193F7953278E76A800CECC16 /* Main.storyboard in Resources */ = {isa = PBXBuildFile; fileRef = 193F7951278E76A800CECC16 /* Main.storyboard */; };
		193F7955278E76A900CECC16 /* Assets.xcassets in Resources */ = {isa = PBXBuildFile; fileRef = 193F7954278E76A900CECC16 /* Assets.xcassets */; };
		193F7958278E76A900CECC16 /* LaunchScreen.storyboard in Resources */ = {isa = PBXBuildFile; fileRef = 193F7956278E76A900CECC16 /* LaunchScreen.storyboard */; };
		193F7963278E76A900CECC16 /* YNKitTests.swift in Sources */ = {isa = PBXBuildFile; fileRef = 193F7962278E76A900CECC16 /* YNKitTests.swift */; };
		193F796E278E76A900CECC16 /* YNKitUITests.swift in Sources */ = {isa = PBXBuildFile; fileRef = 193F796D278E76A900CECC16 /* YNKitUITests.swift */; };
		43BF548C1B900B1B1D087409 /* Pods_YNKit.framework in Frameworks */ = {isa = PBXBuildFile; fileRef = CD67BA6C81698C9947BD3111 /* Pods_YNKit.framework */; };
		7C74863A2B2FD7C600A319A3 /* YNViewController.swift in Sources */ = {isa = PBXBuildFile; fileRef = 7C7486372B2FD7C600A319A3 /* YNViewController.swift */; };
		7C74863B2B2FD7C600A319A3 /* YNViewController.xib in Resources */ = {isa = PBXBuildFile; fileRef = 7C7486382B2FD7C600A319A3 /* YNViewController.xib */; };
		7C74863C2B2FD7C600A319A3 /* YNTabBarController.swift in Sources */ = {isa = PBXBuildFile; fileRef = 7C7486392B2FD7C600A319A3 /* YNTabBarController.swift */; };
		7C7486472B2FD84A00A319A3 /* YNArrayTestVC.swift in Sources */ = {isa = PBXBuildFile; fileRef = 7C74863F2B2FD84A00A319A3 /* YNArrayTestVC.swift */; };
		7C7486482B2FD84A00A319A3 /* YNStringTestVC.swift in Sources */ = {isa = PBXBuildFile; fileRef = 7C7486402B2FD84A00A319A3 /* YNStringTestVC.swift */; };
		7C7486492B2FD84A00A319A3 /* YNNode.swift in Sources */ = {isa = PBXBuildFile; fileRef = 7C7486422B2FD84A00A319A3 /* YNNode.swift */; };
		7C74864A2B2FD84A00A319A3 /* YNLinkedListTestVC.xib in Resources */ = {isa = PBXBuildFile; fileRef = 7C7486432B2FD84A00A319A3 /* YNLinkedListTestVC.xib */; };
		7C74864B2B2FD84A00A319A3 /* YNLinkedListTestVC.swift in Sources */ = {isa = PBXBuildFile; fileRef = 7C7486442B2FD84A00A319A3 /* YNLinkedListTestVC.swift */; };
		7C74864C2B2FD84A00A319A3 /* YNLinkedList.swift in Sources */ = {isa = PBXBuildFile; fileRef = 7C7486452B2FD84A00A319A3 /* YNLinkedList.swift */; };
		7C74864E2B2FD86300A319A3 /* YNAFNTestVC.swift in Sources */ = {isa = PBXBuildFile; fileRef = 7C74864D2B2FD86300A319A3 /* YNAFNTestVC.swift */; };
/* End PBXBuildFile section */

/* Begin PBXContainerItemProxy section */
		193F795F278E76A900CECC16 /* PBXContainerItemProxy */ = {
			isa = PBXContainerItemProxy;
			containerPortal = 193F7940278E76A800CECC16 /* Project object */;
			proxyType = 1;
			remoteGlobalIDString = 193F7947278E76A800CECC16;
			remoteInfo = YNKit;
		};
		193F796A278E76A900CECC16 /* PBXContainerItemProxy */ = {
			isa = PBXContainerItemProxy;
			containerPortal = 193F7940278E76A800CECC16 /* Project object */;
			proxyType = 1;
			remoteGlobalIDString = 193F7947278E76A800CECC16;
			remoteInfo = YNKit;
		};
/* End PBXContainerItemProxy section */

/* Begin PBXFileReference section */
		193F7948278E76A800CECC16 /* YNKit.app */ = {isa = PBXFileReference; explicitFileType = wrapper.application; includeInIndex = 0; path = YNKit.app; sourceTree = BUILT_PRODUCTS_DIR; };
		193F794B278E76A800CECC16 /* AppDelegate.swift */ = {isa = PBXFileReference; lastKnownFileType = sourcecode.swift; path = AppDelegate.swift; sourceTree = "<group>"; };
		193F794F278E76A800CECC16 /* ViewController.swift */ = {isa = PBXFileReference; lastKnownFileType = sourcecode.swift; path = ViewController.swift; sourceTree = "<group>"; };
		193F7952278E76A800CECC16 /* Base */ = {isa = PBXFileReference; lastKnownFileType = file.storyboard; name = Base; path = Base.lproj/Main.storyboard; sourceTree = "<group>"; };
		193F7954278E76A900CECC16 /* Assets.xcassets */ = {isa = PBXFileReference; lastKnownFileType = folder.assetcatalog; path = Assets.xcassets; sourceTree = "<group>"; };
		193F7957278E76A900CECC16 /* Base */ = {isa = PBXFileReference; lastKnownFileType = file.storyboard; name = Base; path = Base.lproj/LaunchScreen.storyboard; sourceTree = "<group>"; };
		193F7959278E76A900CECC16 /* Info.plist */ = {isa = PBXFileReference; lastKnownFileType = text.plist.xml; path = Info.plist; sourceTree = "<group>"; };
		193F795E278E76A900CECC16 /* YNKitTests.xctest */ = {isa = PBXFileReference; explicitFileType = wrapper.cfbundle; includeInIndex = 0; path = YNKitTests.xctest; sourceTree = BUILT_PRODUCTS_DIR; };
		193F7962278E76A900CECC16 /* YNKitTests.swift */ = {isa = PBXFileReference; lastKnownFileType = sourcecode.swift; path = YNKitTests.swift; sourceTree = "<group>"; };
		193F7964278E76A900CECC16 /* Info.plist */ = {isa = PBXFileReference; lastKnownFileType = text.plist.xml; path = Info.plist; sourceTree = "<group>"; };
		193F7969278E76A900CECC16 /* YNKitUITests.xctest */ = {isa = PBXFileReference; explicitFileType = wrapper.cfbundle; includeInIndex = 0; path = YNKitUITests.xctest; sourceTree = BUILT_PRODUCTS_DIR; };
		193F796D278E76A900CECC16 /* YNKitUITests.swift */ = {isa = PBXFileReference; lastKnownFileType = sourcecode.swift; path = YNKitUITests.swift; sourceTree = "<group>"; };
		193F796F278E76A900CECC16 /* Info.plist */ = {isa = PBXFileReference; lastKnownFileType = text.plist.xml; path = Info.plist; sourceTree = "<group>"; };
		7C7486372B2FD7C600A319A3 /* YNViewController.swift */ = {isa = PBXFileReference; fileEncoding = 4; lastKnownFileType = sourcecode.swift; path = YNViewController.swift; sourceTree = "<group>"; };
		7C7486382B2FD7C600A319A3 /* YNViewController.xib */ = {isa = PBXFileReference; fileEncoding = 4; lastKnownFileType = file.xib; path = YNViewController.xib; sourceTree = "<group>"; };
		7C7486392B2FD7C600A319A3 /* YNTabBarController.swift */ = {isa = PBXFileReference; fileEncoding = 4; lastKnownFileType = sourcecode.swift; path = YNTabBarController.swift; sourceTree = "<group>"; };
		7C74863F2B2FD84A00A319A3 /* YNArrayTestVC.swift */ = {isa = PBXFileReference; fileEncoding = 4; lastKnownFileType = sourcecode.swift; path = YNArrayTestVC.swift; sourceTree = "<group>"; };
		7C7486402B2FD84A00A319A3 /* YNStringTestVC.swift */ = {isa = PBXFileReference; fileEncoding = 4; lastKnownFileType = sourcecode.swift; path = YNStringTestVC.swift; sourceTree = "<group>"; };
		7C7486422B2FD84A00A319A3 /* YNNode.swift */ = {isa = PBXFileReference; fileEncoding = 4; lastKnownFileType = sourcecode.swift; path = YNNode.swift; sourceTree = "<group>"; };
		7C7486432B2FD84A00A319A3 /* YNLinkedListTestVC.xib */ = {isa = PBXFileReference; fileEncoding = 4; lastKnownFileType = file.xib; path = YNLinkedListTestVC.xib; sourceTree = "<group>"; };
		7C7486442B2FD84A00A319A3 /* YNLinkedListTestVC.swift */ = {isa = PBXFileReference; fileEncoding = 4; lastKnownFileType = sourcecode.swift; path = YNLinkedListTestVC.swift; sourceTree = "<group>"; };
		7C7486452B2FD84A00A319A3 /* YNLinkedList.swift */ = {isa = PBXFileReference; fileEncoding = 4; lastKnownFileType = sourcecode.swift; path = YNLinkedList.swift; sourceTree = "<group>"; };
		7C74864D2B2FD86300A319A3 /* YNAFNTestVC.swift */ = {isa = PBXFileReference; lastKnownFileType = sourcecode.swift; path = YNAFNTestVC.swift; sourceTree = "<group>"; };
		B4F51C8C4909DAAE915BC0EE /* Pods-YNKit.debug.xcconfig */ = {isa = PBXFileReference; includeInIndex = 1; lastKnownFileType = text.xcconfig; name = "Pods-YNKit.debug.xcconfig"; path = "Target Support Files/Pods-YNKit/Pods-YNKit.debug.xcconfig"; sourceTree = "<group>"; };
		CD67BA6C81698C9947BD3111 /* Pods_YNKit.framework */ = {isa = PBXFileReference; explicitFileType = wrapper.framework; includeInIndex = 0; path = Pods_YNKit.framework; sourceTree = BUILT_PRODUCTS_DIR; };
		DCB80828A0A5864A499C1C17 /* Pods-YNKit.release.xcconfig */ = {isa = PBXFileReference; includeInIndex = 1; lastKnownFileType = text.xcconfig; name = "Pods-YNKit.release.xcconfig"; path = "Target Support Files/Pods-YNKit/Pods-YNKit.release.xcconfig"; sourceTree = "<group>"; };
/* End PBXFileReference section */

/* Begin PBXFrameworksBuildPhase section */
		193F7945278E76A800CECC16 /* Frameworks */ = {
			isa = PBXFrameworksBuildPhase;
			buildActionMask = 2147483647;
			files = (
				43BF548C1B900B1B1D087409 /* Pods_YNKit.framework in Frameworks */,
			);
			runOnlyForDeploymentPostprocessing = 0;
		};
		193F795B278E76A900CECC16 /* Frameworks */ = {
			isa = PBXFrameworksBuildPhase;
			buildActionMask = 2147483647;
			files = (
			);
			runOnlyForDeploymentPostprocessing = 0;
		};
		193F7966278E76A900CECC16 /* Frameworks */ = {
			isa = PBXFrameworksBuildPhase;
			buildActionMask = 2147483647;
			files = (
			);
			runOnlyForDeploymentPostprocessing = 0;
		};
/* End PBXFrameworksBuildPhase section */

/* Begin PBXGroup section */
		193F793F278E76A800CECC16 = {
			isa = PBXGroup;
			children = (
				193F794A278E76A800CECC16 /* YNKit */,
				193F7961278E76A900CECC16 /* YNKitTests */,
				193F796C278E76A900CECC16 /* YNKitUITests */,
				193F7949278E76A800CECC16 /* Products */,
				62C2C37345A726A5524ADDF7 /* Pods */,
				3F0CE51AA258545C7C6170C0 /* Frameworks */,
			);
			sourceTree = "<group>";
		};
		193F7949278E76A800CECC16 /* Products */ = {
			isa = PBXGroup;
			children = (
				193F7948278E76A800CECC16 /* YNKit.app */,
				193F795E278E76A900CECC16 /* YNKitTests.xctest */,
				193F7969278E76A900CECC16 /* YNKitUITests.xctest */,
			);
			name = Products;
			sourceTree = "<group>";
		};
		193F794A278E76A800CECC16 /* YNKit */ = {
			isa = PBXGroup;
			children = (
				7C74863D2B2FD84A00A319A3 /* YNAlgorithms */,
				7C7486462B2FD84A00A319A3 /* YNLibsTest */,
				7C7486362B2FD7C600A319A3 /* YNBaseVC */,
				193F794B278E76A800CECC16 /* AppDelegate.swift */,
				193F794F278E76A800CECC16 /* ViewController.swift */,
				193F7951278E76A800CECC16 /* Main.storyboard */,
				193F7954278E76A900CECC16 /* Assets.xcassets */,
				193F7956278E76A900CECC16 /* LaunchScreen.storyboard */,
				193F7959278E76A900CECC16 /* Info.plist */,
			);
			path = YNKit;
			sourceTree = "<group>";
		};
		193F7961278E76A900CECC16 /* YNKitTests */ = {
			isa = PBXGroup;
			children = (
				193F7962278E76A900CECC16 /* YNKitTests.swift */,
				193F7964278E76A900CECC16 /* Info.plist */,
			);
			path = YNKitTests;
			sourceTree = "<group>";
		};
		193F796C278E76A900CECC16 /* YNKitUITests */ = {
			isa = PBXGroup;
			children = (
				193F796D278E76A900CECC16 /* YNKitUITests.swift */,
				193F796F278E76A900CECC16 /* Info.plist */,
			);
			path = YNKitUITests;
			sourceTree = "<group>";
		};
		3F0CE51AA258545C7C6170C0 /* Frameworks */ = {
			isa = PBXGroup;
			children = (
				CD67BA6C81698C9947BD3111 /* Pods_YNKit.framework */,
			);
			name = Frameworks;
			sourceTree = "<group>";
		};
		62C2C37345A726A5524ADDF7 /* Pods */ = {
			isa = PBXGroup;
			children = (
				B4F51C8C4909DAAE915BC0EE /* Pods-YNKit.debug.xcconfig */,
				DCB80828A0A5864A499C1C17 /* Pods-YNKit.release.xcconfig */,
			);
			path = Pods;
			sourceTree = "<group>";
		};
		7C7486362B2FD7C600A319A3 /* YNBaseVC */ = {
			isa = PBXGroup;
			children = (
				7C7486372B2FD7C600A319A3 /* YNViewController.swift */,
				7C7486382B2FD7C600A319A3 /* YNViewController.xib */,
				7C7486392B2FD7C600A319A3 /* YNTabBarController.swift */,
			);
			path = YNBaseVC;
			sourceTree = "<group>";
		};
		7C74863D2B2FD84A00A319A3 /* YNAlgorithms */ = {
			isa = PBXGroup;
			children = (
				7C74863E2B2FD84A00A319A3 /* YNStringAndArray */,
				7C7486412B2FD84A00A319A3 /* YNLinkedList */,
			);
			path = YNAlgorithms;
			sourceTree = "<group>";
		};
		7C74863E2B2FD84A00A319A3 /* YNStringAndArray */ = {
			isa = PBXGroup;
			children = (
				7C74863F2B2FD84A00A319A3 /* YNArrayTestVC.swift */,
				7C7486402B2FD84A00A319A3 /* YNStringTestVC.swift */,
			);
			path = YNStringAndArray;
			sourceTree = "<group>";
		};
		7C7486412B2FD84A00A319A3 /* YNLinkedList */ = {
			isa = PBXGroup;
			children = (
				7C7486422B2FD84A00A319A3 /* YNNode.swift */,
				7C7486432B2FD84A00A319A3 /* YNLinkedListTestVC.xib */,
				7C7486442B2FD84A00A319A3 /* YNLinkedListTestVC.swift */,
				7C7486452B2FD84A00A319A3 /* YNLinkedList.swift */,
			);
			path = YNLinkedList;
			sourceTree = "<group>";
		};
		7C7486462B2FD84A00A319A3 /* YNLibsTest */ = {
			isa = PBXGroup;
			children = (
				7C74864D2B2FD86300A319A3 /* YNAFNTestVC.swift */,
			);
			path = YNLibsTest;
			sourceTree = "<group>";
		};
/* End PBXGroup section */

/* Begin PBXNativeTarget section */
		193F7947278E76A800CECC16 /* YNKit */ = {
			isa = PBXNativeTarget;
			buildConfigurationList = 193F7972278E76A900CECC16 /* Build configuration list for PBXNativeTarget "YNKit" */;
			buildPhases = (
				A37137335828F524DEE5E428 /* [CP] Check Pods Manifest.lock */,
				193F7944278E76A800CECC16 /* Sources */,
				193F7945278E76A800CECC16 /* Frameworks */,
				193F7946278E76A800CECC16 /* Resources */,
				B62A34E236606518701003F1 /* [CP] Embed Pods Frameworks */,
			);
			buildRules = (
			);
			dependencies = (
			);
			name = YNKit;
			productName = YNKit;
			productReference = 193F7948278E76A800CECC16 /* YNKit.app */;
			productType = "com.apple.product-type.application";
		};
		193F795D278E76A900CECC16 /* YNKitTests */ = {
			isa = PBXNativeTarget;
			buildConfigurationList = 193F7975278E76A900CECC16 /* Build configuration list for PBXNativeTarget "YNKitTests" */;
			buildPhases = (
				193F795A278E76A900CECC16 /* Sources */,
				193F795B278E76A900CECC16 /* Frameworks */,
				193F795C278E76A900CECC16 /* Resources */,
			);
			buildRules = (
			);
			dependencies = (
				193F7960278E76A900CECC16 /* PBXTargetDependency */,
			);
			name = YNKitTests;
			productName = YNKitTests;
			productReference = 193F795E278E76A900CECC16 /* YNKitTests.xctest */;
			productType = "com.apple.product-type.bundle.unit-test";
		};
		193F7968278E76A900CECC16 /* YNKitUITests */ = {
			isa = PBXNativeTarget;
			buildConfigurationList = 193F7978278E76A900CECC16 /* Build configuration list for PBXNativeTarget "YNKitUITests" */;
			buildPhases = (
				193F7965278E76A900CECC16 /* Sources */,
				193F7966278E76A900CECC16 /* Frameworks */,
				193F7967278E76A900CECC16 /* Resources */,
			);
			buildRules = (
			);
			dependencies = (
				193F796B278E76A900CECC16 /* PBXTargetDependency */,
			);
			name = YNKitUITests;
			productName = YNKitUITests;
			productReference = 193F7969278E76A900CECC16 /* YNKitUITests.xctest */;
			productType = "com.apple.product-type.bundle.ui-testing";
		};
/* End PBXNativeTarget section */

/* Begin PBXProject section */
		193F7940278E76A800CECC16 /* Project object */ = {
			isa = PBXProject;
			attributes = {
				LastSwiftUpdateCheck = 1220;
				LastUpgradeCheck = 1220;
				TargetAttributes = {
					193F7947278E76A800CECC16 = {
						CreatedOnToolsVersion = 12.2;
					};
					193F795D278E76A900CECC16 = {
						CreatedOnToolsVersion = 12.2;
						TestTargetID = 193F7947278E76A800CECC16;
					};
					193F7968278E76A900CECC16 = {
						CreatedOnToolsVersion = 12.2;
						TestTargetID = 193F7947278E76A800CECC16;
					};
				};
			};
			buildConfigurationList = 193F7943278E76A800CECC16 /* Build configuration list for PBXProject "YNKit" */;
			compatibilityVersion = "Xcode 9.3";
			developmentRegion = en;
			hasScannedForEncodings = 0;
			knownRegions = (
				en,
				Base,
			);
			mainGroup = 193F793F278E76A800CECC16;
			productRefGroup = 193F7949278E76A800CECC16 /* Products */;
			projectDirPath = "";
			projectRoot = "";
			targets = (
				193F7947278E76A800CECC16 /* YNKit */,
				193F795D278E76A900CECC16 /* YNKitTests */,
				193F7968278E76A900CECC16 /* YNKitUITests */,
			);
		};
/* End PBXProject section */

/* Begin PBXResourcesBuildPhase section */
		193F7946278E76A800CECC16 /* Resources */ = {
			isa = PBXResourcesBuildPhase;
			buildActionMask = 2147483647;
			files = (
				193F7958278E76A900CECC16 /* LaunchScreen.storyboard in Resources */,
				7C74863B2B2FD7C600A319A3 /* YNViewController.xib in Resources */,
				193F7955278E76A900CECC16 /* Assets.xcassets in Resources */,
				193F7953278E76A800CECC16 /* Main.storyboard in Resources */,
				7C74864A2B2FD84A00A319A3 /* YNLinkedListTestVC.xib in Resources */,
			);
			runOnlyForDeploymentPostprocessing = 0;
		};
		193F795C278E76A900CECC16 /* Resources */ = {
			isa = PBXResourcesBuildPhase;
			buildActionMask = 2147483647;
			files = (
			);
			runOnlyForDeploymentPostprocessing = 0;
		};
		193F7967278E76A900CECC16 /* Resources */ = {
			isa = PBXResourcesBuildPhase;
			buildActionMask = 2147483647;
			files = (
			);
			runOnlyForDeploymentPostprocessing = 0;
		};
/* End PBXResourcesBuildPhase section */

/* Begin PBXShellScriptBuildPhase section */
		A37137335828F524DEE5E428 /* [CP] Check Pods Manifest.lock */ = {
			isa = PBXShellScriptBuildPhase;
			buildActionMask = 2147483647;
			files = (
			);
			inputFileListPaths = (
			);
			inputPaths = (
				"${PODS_PODFILE_DIR_PATH}/Podfile.lock",
				"${PODS_ROOT}/Manifest.lock",
			);
			name = "[CP] Check Pods Manifest.lock";
			outputFileListPaths = (
			);
			outputPaths = (
				"$(DERIVED_FILE_DIR)/Pods-YNKit-checkManifestLockResult.txt",
			);
			runOnlyForDeploymentPostprocessing = 0;
			shellPath = /bin/sh;
			shellScript = "diff \"${PODS_PODFILE_DIR_PATH}/Podfile.lock\" \"${PODS_ROOT}/Manifest.lock\" > /dev/null\nif [ $? != 0 ] ; then\n    # print error to STDERR\n    echo \"error: The sandbox is not in sync with the Podfile.lock. Run 'pod install' or update your CocoaPods installation.\" >&2\n    exit 1\nfi\n# This output is used by Xcode 'outputs' to avoid re-running this script phase.\necho \"SUCCESS\" > \"${SCRIPT_OUTPUT_FILE_0}\"\n";
			showEnvVarsInLog = 0;
		};
		B62A34E236606518701003F1 /* [CP] Embed Pods Frameworks */ = {
			isa = PBXShellScriptBuildPhase;
			buildActionMask = 2147483647;
			files = (
			);
			inputFileListPaths = (
				"${PODS_ROOT}/Target Support Files/Pods-YNKit/Pods-YNKit-frameworks-${CONFIGURATION}-input-files.xcfilelist",
			);
			name = "[CP] Embed Pods Frameworks";
			outputFileListPaths = (
				"${PODS_ROOT}/Target Support Files/Pods-YNKit/Pods-YNKit-frameworks-${CONFIGURATION}-output-files.xcfilelist",
			);
			runOnlyForDeploymentPostprocessing = 0;
			shellPath = /bin/sh;
			shellScript = "\"${PODS_ROOT}/Target Support Files/Pods-YNKit/Pods-YNKit-frameworks.sh\"\n";
			showEnvVarsInLog = 0;
		};
/* End PBXShellScriptBuildPhase section */

/* Begin PBXSourcesBuildPhase section */
		193F7944278E76A800CECC16 /* Sources */ = {
			isa = PBXSourcesBuildPhase;
			buildActionMask = 2147483647;
			files = (
				7C7486492B2FD84A00A319A3 /* YNNode.swift in Sources */,
				7C74863C2B2FD7C600A319A3 /* YNTabBarController.swift in Sources */,
				193F7950278E76A800CECC16 /* ViewController.swift in Sources */,
				7C74864E2B2FD86300A319A3 /* YNAFNTestVC.swift in Sources */,
				7C7486482B2FD84A00A319A3 /* YNStringTestVC.swift in Sources */,
				193F794C278E76A800CECC16 /* AppDelegate.swift in Sources */,
				7C7486472B2FD84A00A319A3 /* YNArrayTestVC.swift in Sources */,
				7C74864B2B2FD84A00A319A3 /* YNLinkedListTestVC.swift in Sources */,
				7C74864C2B2FD84A00A319A3 /* YNLinkedList.swift in Sources */,
				7C74863A2B2FD7C600A319A3 /* YNViewController.swift in Sources */,
			);
			runOnlyForDeploymentPostprocessing = 0;
		};
		193F795A278E76A900CECC16 /* Sources */ = {
			isa = PBXSourcesBuildPhase;
			buildActionMask = 2147483647;
			files = (
				193F7963278E76A900CECC16 /* YNKitTests.swift in Sources */,
			);
			runOnlyForDeploymentPostprocessing = 0;
		};
		193F7965278E76A900CECC16 /* Sources */ = {
			isa = PBXSourcesBuildPhase;
			buildActionMask = 2147483647;
			files = (
				193F796E278E76A900CECC16 /* YNKitUITests.swift in Sources */,
			);
			runOnlyForDeploymentPostprocessing = 0;
		};
/* End PBXSourcesBuildPhase section */

/* Begin PBXTargetDependency section */
		193F7960278E76A900CECC16 /* PBXTargetDependency */ = {
			isa = PBXTargetDependency;
			target = 193F7947278E76A800CECC16 /* YNKit */;
			targetProxy = 193F795F278E76A900CECC16 /* PBXContainerItemProxy */;
		};
		193F796B278E76A900CECC16 /* PBXTargetDependency */ = {
			isa = PBXTargetDependency;
			target = 193F7947278E76A800CECC16 /* YNKit */;
			targetProxy = 193F796A278E76A900CECC16 /* PBXContainerItemProxy */;
		};
/* End PBXTargetDependency section */

/* Begin PBXVariantGroup section */
		193F7951278E76A800CECC16 /* Main.storyboard */ = {
			isa = PBXVariantGroup;
			children = (
				193F7952278E76A800CECC16 /* Base */,
			);
			name = Main.storyboard;
			sourceTree = "<group>";
		};
		193F7956278E76A900CECC16 /* LaunchScreen.storyboard */ = {
			isa = PBXVariantGroup;
			children = (
				193F7957278E76A900CECC16 /* Base */,
			);
			name = LaunchScreen.storyboard;
			sourceTree = "<group>";
		};
/* End PBXVariantGroup section */

/* Begin XCBuildConfiguration section */
		193F7970278E76A900CECC16 /* Debug */ = {
			isa = XCBuildConfiguration;
			buildSettings = {
				ALWAYS_SEARCH_USER_PATHS = NO;
				CLANG_ANALYZER_NONNULL = YES;
				CLANG_ANALYZER_NUMBER_OBJECT_CONVERSION = YES_AGGRESSIVE;
				CLANG_CXX_LANGUAGE_STANDARD = "gnu++14";
				CLANG_CXX_LIBRARY = "libc++";
				CLANG_ENABLE_MODULES = YES;
				CLANG_ENABLE_OBJC_ARC = YES;
				CLANG_ENABLE_OBJC_WEAK = YES;
				CLANG_WARN_BLOCK_CAPTURE_AUTORELEASING = YES;
				CLANG_WARN_BOOL_CONVERSION = YES;
				CLANG_WARN_COMMA = YES;
				CLANG_WARN_CONSTANT_CONVERSION = YES;
				CLANG_WARN_DEPRECATED_OBJC_IMPLEMENTATIONS = YES;
				CLANG_WARN_DIRECT_OBJC_ISA_USAGE = YES_ERROR;
				CLANG_WARN_DOCUMENTATION_COMMENTS = YES;
				CLANG_WARN_EMPTY_BODY = YES;
				CLANG_WARN_ENUM_CONVERSION = YES;
				CLANG_WARN_INFINITE_RECURSION = YES;
				CLANG_WARN_INT_CONVERSION = YES;
				CLANG_WARN_NON_LITERAL_NULL_CONVERSION = YES;
				CLANG_WARN_OBJC_IMPLICIT_RETAIN_SELF = YES;
				CLANG_WARN_OBJC_LITERAL_CONVERSION = YES;
				CLANG_WARN_OBJC_ROOT_CLASS = YES_ERROR;
				CLANG_WARN_QUOTED_INCLUDE_IN_FRAMEWORK_HEADER = YES;
				CLANG_WARN_RANGE_LOOP_ANALYSIS = YES;
				CLANG_WARN_STRICT_PROTOTYPES = YES;
				CLANG_WARN_SUSPICIOUS_MOVE = YES;
				CLANG_WARN_UNGUARDED_AVAILABILITY = YES_AGGRESSIVE;
				CLANG_WARN_UNREACHABLE_CODE = YES;
				CLANG_WARN__DUPLICATE_METHOD_MATCH = YES;
				COPY_PHASE_STRIP = NO;
				DEBUG_INFORMATION_FORMAT = dwarf;
				ENABLE_STRICT_OBJC_MSGSEND = YES;
				ENABLE_TESTABILITY = YES;
				GCC_C_LANGUAGE_STANDARD = gnu11;
				GCC_DYNAMIC_NO_PIC = NO;
				GCC_NO_COMMON_BLOCKS = YES;
				GCC_OPTIMIZATION_LEVEL = 0;
				GCC_PREPROCESSOR_DEFINITIONS = (
					"DEBUG=1",
					"$(inherited)",
				);
				GCC_WARN_64_TO_32_BIT_CONVERSION = YES;
				GCC_WARN_ABOUT_RETURN_TYPE = YES_ERROR;
				GCC_WARN_UNDECLARED_SELECTOR = YES;
				GCC_WARN_UNINITIALIZED_AUTOS = YES_AGGRESSIVE;
				GCC_WARN_UNUSED_FUNCTION = YES;
				GCC_WARN_UNUSED_VARIABLE = YES;
				IPHONEOS_DEPLOYMENT_TARGET = 14.2;
				MTL_ENABLE_DEBUG_INFO = INCLUDE_SOURCE;
				MTL_FAST_MATH = YES;
				ONLY_ACTIVE_ARCH = YES;
				SDKROOT = iphoneos;
				SWIFT_ACTIVE_COMPILATION_CONDITIONS = DEBUG;
				SWIFT_OPTIMIZATION_LEVEL = "-Onone";
			};
			name = Debug;
		};
		193F7971278E76A900CECC16 /* Release */ = {
			isa = XCBuildConfiguration;
			buildSettings = {
				ALWAYS_SEARCH_USER_PATHS = NO;
				CLANG_ANALYZER_NONNULL = YES;
				CLANG_ANALYZER_NUMBER_OBJECT_CONVERSION = YES_AGGRESSIVE;
				CLANG_CXX_LANGUAGE_STANDARD = "gnu++14";
				CLANG_CXX_LIBRARY = "libc++";
				CLANG_ENABLE_MODULES = YES;
				CLANG_ENABLE_OBJC_ARC = YES;
				CLANG_ENABLE_OBJC_WEAK = YES;
				CLANG_WARN_BLOCK_CAPTURE_AUTORELEASING = YES;
				CLANG_WARN_BOOL_CONVERSION = YES;
				CLANG_WARN_COMMA = YES;
				CLANG_WARN_CONSTANT_CONVERSION = YES;
				CLANG_WARN_DEPRECATED_OBJC_IMPLEMENTATIONS = YES;
				CLANG_WARN_DIRECT_OBJC_ISA_USAGE = YES_ERROR;
				CLANG_WARN_DOCUMENTATION_COMMENTS = YES;
				CLANG_WARN_EMPTY_BODY = YES;
				CLANG_WARN_ENUM_CONVERSION = YES;
				CLANG_WARN_INFINITE_RECURSION = YES;
				CLANG_WARN_INT_CONVERSION = YES;
				CLANG_WARN_NON_LITERAL_NULL_CONVERSION = YES;
				CLANG_WARN_OBJC_IMPLICIT_RETAIN_SELF = YES;
				CLANG_WARN_OBJC_LITERAL_CONVERSION = YES;
				CLANG_WARN_OBJC_ROOT_CLASS = YES_ERROR;
				CLANG_WARN_QUOTED_INCLUDE_IN_FRAMEWORK_HEADER = YES;
				CLANG_WARN_RANGE_LOOP_ANALYSIS = YES;
				CLANG_WARN_STRICT_PROTOTYPES = YES;
				CLANG_WARN_SUSPICIOUS_MOVE = YES;
				CLANG_WARN_UNGUARDED_AVAILABILITY = YES_AGGRESSIVE;
				CLANG_WARN_UNREACHABLE_CODE = YES;
				CLANG_WARN__DUPLICATE_METHOD_MATCH = YES;
				COPY_PHASE_STRIP = NO;
				DEBUG_INFORMATION_FORMAT = "dwarf-with-dsym";
				ENABLE_NS_ASSERTIONS = NO;
				ENABLE_STRICT_OBJC_MSGSEND = YES;
				GCC_C_LANGUAGE_STANDARD = gnu11;
				GCC_NO_COMMON_BLOCKS = YES;
				GCC_WARN_64_TO_32_BIT_CONVERSION = YES;
				GCC_WARN_ABOUT_RETURN_TYPE = YES_ERROR;
				GCC_WARN_UNDECLARED_SELECTOR = YES;
				GCC_WARN_UNINITIALIZED_AUTOS = YES_AGGRESSIVE;
				GCC_WARN_UNUSED_FUNCTION = YES;
				GCC_WARN_UNUSED_VARIABLE = YES;
				IPHONEOS_DEPLOYMENT_TARGET = 14.2;
				MTL_ENABLE_DEBUG_INFO = NO;
				MTL_FAST_MATH = YES;
				SDKROOT = iphoneos;
				SWIFT_COMPILATION_MODE = wholemodule;
				SWIFT_OPTIMIZATION_LEVEL = "-O";
				VALIDATE_PRODUCT = YES;
			};
			name = Release;
		};
		193F7973278E76A900CECC16 /* Debug */ = {
			isa = XCBuildConfiguration;
			baseConfigurationReference = B4F51C8C4909DAAE915BC0EE /* Pods-YNKit.debug.xcconfig */;
			buildSettings = {
				ASSETCATALOG_COMPILER_APPICON_NAME = AppIcon;
				ASSETCATALOG_COMPILER_GLOBAL_ACCENT_COLOR_NAME = AccentColor;
				CODE_SIGN_STYLE = Automatic;
				DEVELOPMENT_TEAM = UA62U3JARN;
				INFOPLIST_FILE = YNKit/Info.plist;
				IPHONEOS_DEPLOYMENT_TARGET = 10.0;
				LD_RUNPATH_SEARCH_PATHS = (
					"$(inherited)",
					"@executable_path/Frameworks",
				);
				PRODUCT_BUNDLE_IDENTIFIER = com.zyn.YNKit;
				PRODUCT_NAME = "$(TARGET_NAME)";
				SWIFT_VERSION = 5.0;
				TARGETED_DEVICE_FAMILY = "1,2";
			};
			name = Debug;
		};
		193F7974278E76A900CECC16 /* Release */ = {
			isa = XCBuildConfiguration;
			baseConfigurationReference = DCB80828A0A5864A499C1C17 /* Pods-YNKit.release.xcconfig */;
			buildSettings = {
				ASSETCATALOG_COMPILER_APPICON_NAME = AppIcon;
				ASSETCATALOG_COMPILER_GLOBAL_ACCENT_COLOR_NAME = AccentColor;
				CODE_SIGN_STYLE = Automatic;
				DEVELOPMENT_TEAM = UA62U3JARN;
				INFOPLIST_FILE = YNKit/Info.plist;
				IPHONEOS_DEPLOYMENT_TARGET = 10.0;
				LD_RUNPATH_SEARCH_PATHS = (
					"$(inherited)",
					"@executable_path/Frameworks",
				);
				PRODUCT_BUNDLE_IDENTIFIER = com.zyn.YNKit;
				PRODUCT_NAME = "$(TARGET_NAME)";
				SWIFT_VERSION = 5.0;
				TARGETED_DEVICE_FAMILY = "1,2";
			};
			name = Release;
		};
		193F7976278E76A900CECC16 /* Debug */ = {
			isa = XCBuildConfiguration;
			buildSettings = {
				ALWAYS_EMBED_SWIFT_STANDARD_LIBRARIES = YES;
				BUNDLE_LOADER = "$(TEST_HOST)";
				CODE_SIGN_STYLE = Automatic;
				DEVELOPMENT_TEAM = UA62U3JARN;
				INFOPLIST_FILE = YNKitTests/Info.plist;
				IPHONEOS_DEPLOYMENT_TARGET = 14.2;
				LD_RUNPATH_SEARCH_PATHS = (
					"$(inherited)",
					"@executable_path/Frameworks",
					"@loader_path/Frameworks",
				);
				PRODUCT_BUNDLE_IDENTIFIER = com.zyn.YNKitTests;
				PRODUCT_NAME = "$(TARGET_NAME)";
				SWIFT_VERSION = 5.0;
				TARGETED_DEVICE_FAMILY = "1,2";
				TEST_HOST = "$(BUILT_PRODUCTS_DIR)/YNKit.app/YNKit";
			};
			name = Debug;
		};
		193F7977278E76A900CECC16 /* Release */ = {
			isa = XCBuildConfiguration;
			buildSettings = {
				ALWAYS_EMBED_SWIFT_STANDARD_LIBRARIES = YES;
				BUNDLE_LOADER = "$(TEST_HOST)";
				CODE_SIGN_STYLE = Automatic;
				DEVELOPMENT_TEAM = UA62U3JARN;
				INFOPLIST_FILE = YNKitTests/Info.plist;
				IPHONEOS_DEPLOYMENT_TARGET = 14.2;
				LD_RUNPATH_SEARCH_PATHS = (
					"$(inherited)",
					"@executable_path/Frameworks",
					"@loader_path/Frameworks",
				);
				PRODUCT_BUNDLE_IDENTIFIER = com.zyn.YNKitTests;
				PRODUCT_NAME = "$(TARGET_NAME)";
				SWIFT_VERSION = 5.0;
				TARGETED_DEVICE_FAMILY = "1,2";
				TEST_HOST = "$(BUILT_PRODUCTS_DIR)/YNKit.app/YNKit";
			};
			name = Release;
		};
		193F7979278E76A900CECC16 /* Debug */ = {
			isa = XCBuildConfiguration;
			buildSettings = {
				ALWAYS_EMBED_SWIFT_STANDARD_LIBRARIES = YES;
				CODE_SIGN_STYLE = Automatic;
				DEVELOPMENT_TEAM = UA62U3JARN;
				INFOPLIST_FILE = YNKitUITests/Info.plist;
				LD_RUNPATH_SEARCH_PATHS = (
					"$(inherited)",
					"@executable_path/Frameworks",
					"@loader_path/Frameworks",
				);
				PRODUCT_BUNDLE_IDENTIFIER = com.zyn.YNKitUITests;
				PRODUCT_NAME = "$(TARGET_NAME)";
				SWIFT_VERSION = 5.0;
				TARGETED_DEVICE_FAMILY = "1,2";
				TEST_TARGET_NAME = YNKit;
			};
			name = Debug;
		};
		193F797A278E76A900CECC16 /* Release */ = {
			isa = XCBuildConfiguration;
			buildSettings = {
				ALWAYS_EMBED_SWIFT_STANDARD_LIBRARIES = YES;
				CODE_SIGN_STYLE = Automatic;
				DEVELOPMENT_TEAM = UA62U3JARN;
				INFOPLIST_FILE = YNKitUITests/Info.plist;
				LD_RUNPATH_SEARCH_PATHS = (
					"$(inherited)",
					"@executable_path/Frameworks",
					"@loader_path/Frameworks",
				);
				PRODUCT_BUNDLE_IDENTIFIER = com.zyn.YNKitUITests;
				PRODUCT_NAME = "$(TARGET_NAME)";
				SWIFT_VERSION = 5.0;
				TARGETED_DEVICE_FAMILY = "1,2";
				TEST_TARGET_NAME = YNKit;
			};
			name = Release;
		};
/* End XCBuildConfiguration section */

/* Begin XCConfigurationList section */
		193F7943278E76A800CECC16 /* Build configuration list for PBXProject "YNKit" */ = {
			isa = XCConfigurationList;
			buildConfigurations = (
				193F7970278E76A900CECC16 /* Debug */,
				193F7971278E76A900CECC16 /* Release */,
			);
			defaultConfigurationIsVisible = 0;
			defaultConfigurationName = Release;
		};
		193F7972278E76A900CECC16 /* Build configuration list for PBXNativeTarget "YNKit" */ = {
			isa = XCConfigurationList;
			buildConfigurations = (
				193F7973278E76A900CECC16 /* Debug */,
				193F7974278E76A900CECC16 /* Release */,
			);
			defaultConfigurationIsVisible = 0;
			defaultConfigurationName = Release;
		};
		193F7975278E76A900CECC16 /* Build configuration list for PBXNativeTarget "YNKitTests" */ = {
			isa = XCConfigurationList;
			buildConfigurations = (
				193F7976278E76A900CECC16 /* Debug */,
				193F7977278E76A900CECC16 /* Release */,
			);
			defaultConfigurationIsVisible = 0;
			defaultConfigurationName = Release;
		};
		193F7978278E76A900CECC16 /* Build configuration list for PBXNativeTarget "YNKitUITests" */ = {
			isa = XCConfigurationList;
			buildConfigurations = (
				193F7979278E76A900CECC16 /* Debug */,
				193F797A278E76A900CECC16 /* Release */,
			);
			defaultConfigurationIsVisible = 0;
			defaultConfigurationName = Release;
		};
/* End XCConfigurationList section */
	};
	rootObject = 193F7940278E76A800CECC16 /* Project object */;
}
